
Microsoft Visual Studio Solution File, Format Version 12.00
# Visual Studio 15
VisualStudioVersion = 15.0.26403.7
MinimumVisualStudioVersion = 10.0.40219.1
Project("{FAE04EC0-301F-11D3-BF4B-00C04F79EFBC}") = "Bank", "Bank\Bank.csproj", "{2D5E83CD-3112-46FA-922A-CC9F9CAF2D74}"
EndProject
Project("{FAE04EC0-301F-11D3-BF4B-00C04F79EFBC}") = "BankTests", "BankTest\BankTests.csproj", "{DB9B12B9-BE61-4ACC-BCC5-7A5C89D71492}"
EndProject
Global
	GlobalSection(SolutionConfigurationPlatforms) = preSolution
		Debug|Any CPU = Debug|Any CPU
		Release|Any CPU = Release|Any CPU
	EndGlobalSection
	GlobalSection(ProjectConfigurationPlatforms) = postSolution
		{2D5E83CD-3112-46FA-922A-CC9F9CAF2D74}.Debug|Any CPU.ActiveCfg = Debug|Any CPU
		{2D5E83CD-3112-46FA-922A-CC9F9CAF2D74}.Debug|Any CPU.Build.0 = Debug|Any CPU
		{2D5E83CD-3112-46FA-922A-CC9F9CAF2D74}.Release|Any CPU.ActiveCfg = Release|Any CPU
		{2D5E83CD-3112-46FA-922A-CC9F9CAF2D74}.Release|Any CPU.Build.0 = Release|Any CPU
		{DB9B12B9-BE61-4ACC-BCC5-7A5C89D71492}.Debug|Any CPU.ActiveCfg = Debug|Any CPU
		{DB9B12B9-BE61-4ACC-BCC5-7A5C89D71492}.Debug|Any CPU.Build.0 = Debug|Any CPU
		{DB9B12B9-BE61-4ACC-BCC5-7A5C89D71492}.Release|Any CPU.ActiveCfg = Release|Any CPU
		{DB9B12B9-BE61-4ACC-BCC5-7A5C89D71492}.Release|Any CPU.Build.0 = Release|Any CPU
	EndGlobalSection
	GlobalSection(SolutionProperties) = preSolution
		HideSolutionNode = FALSE
	EndGlobalSection
EndGlobal
